// !$*UTF8*$!
{
	archiveVersion = 1;
	classes = {
	};
	objectVersion = 56;
	objects = {

/* Begin PBXBuildFile section */
		D60387692AC8A3CD0003C201 /* GoogleService-Info.plist in Resources */ = {isa = PBXBuildFile; fileRef = D60387682AC8A3CD0003C201 /* GoogleService-Info.plist */; };
		D603876C2AC8A5B60003C201 /* FirebaseAnalytics in Frameworks */ = {isa = PBXBuildFile; productRef = D603876B2AC8A5B60003C201 /* FirebaseAnalytics */; };
		D603876E2AC8A5B60003C201 /* FirebaseAnalyticsOnDeviceConversion in Frameworks */ = {isa = PBXBuildFile; productRef = D603876D2AC8A5B60003C201 /* FirebaseAnalyticsOnDeviceConversion */; };
		D60387702AC8A5B60003C201 /* FirebaseAnalyticsSwift in Frameworks */ = {isa = PBXBuildFile; productRef = D603876F2AC8A5B60003C201 /* FirebaseAnalyticsSwift */; };
		D60387722AC8A5B60003C201 /* FirebaseAnalyticsWithoutAdIdSupport in Frameworks */ = {isa = PBXBuildFile; productRef = D60387712AC8A5B60003C201 /* FirebaseAnalyticsWithoutAdIdSupport */; };
		D60387742AC8A5B60003C201 /* FirebaseAppCheck in Frameworks */ = {isa = PBXBuildFile; productRef = D60387732AC8A5B60003C201 /* FirebaseAppCheck */; };
		D60387762AC8A5B60003C201 /* FirebaseAppDistribution-Beta in Frameworks */ = {isa = PBXBuildFile; productRef = D60387752AC8A5B60003C201 /* FirebaseAppDistribution-Beta */; };
		D60387782AC8A5B60003C201 /* FirebaseAuth in Frameworks */ = {isa = PBXBuildFile; productRef = D60387772AC8A5B60003C201 /* FirebaseAuth */; };
		D603877A2AC8A5B60003C201 /* FirebaseAuthCombine-Community in Frameworks */ = {isa = PBXBuildFile; productRef = D60387792AC8A5B60003C201 /* FirebaseAuthCombine-Community */; };
		D603877C2AC8A5B60003C201 /* FirebaseCrashlytics in Frameworks */ = {isa = PBXBuildFile; productRef = D603877B2AC8A5B60003C201 /* FirebaseCrashlytics */; };
		D603877E2AC8A5B60003C201 /* FirebaseDatabase in Frameworks */ = {isa = PBXBuildFile; productRef = D603877D2AC8A5B60003C201 /* FirebaseDatabase */; };
		D60387802AC8A5B60003C201 /* FirebaseDatabaseSwift in Frameworks */ = {isa = PBXBuildFile; productRef = D603877F2AC8A5B60003C201 /* FirebaseDatabaseSwift */; };
		D60387822AC8A5B60003C201 /* FirebaseDynamicLinks in Frameworks */ = {isa = PBXBuildFile; productRef = D60387812AC8A5B60003C201 /* FirebaseDynamicLinks */; };
		D60387842AC8A5B60003C201 /* FirebaseFirestore in Frameworks */ = {isa = PBXBuildFile; productRef = D60387832AC8A5B60003C201 /* FirebaseFirestore */; };
		D60387862AC8A5B60003C201 /* FirebaseFirestoreCombine-Community in Frameworks */ = {isa = PBXBuildFile; productRef = D60387852AC8A5B60003C201 /* FirebaseFirestoreCombine-Community */; };
		D60387882AC8A5B60003C201 /* FirebaseFirestoreSwift in Frameworks */ = {isa = PBXBuildFile; productRef = D60387872AC8A5B60003C201 /* FirebaseFirestoreSwift */; };
		D603878A2AC8A5B60003C201 /* FirebaseFunctions in Frameworks */ = {isa = PBXBuildFile; productRef = D60387892AC8A5B60003C201 /* FirebaseFunctions */; };
		D603878C2AC8A5B60003C201 /* FirebaseFunctionsCombine-Community in Frameworks */ = {isa = PBXBuildFile; productRef = D603878B2AC8A5B60003C201 /* FirebaseFunctionsCombine-Community */; };
		D603878E2AC8A5B60003C201 /* FirebaseInAppMessaging-Beta in Frameworks */ = {isa = PBXBuildFile; productRef = D603878D2AC8A5B60003C201 /* FirebaseInAppMessaging-Beta */; };
		D60387902AC8A5B60003C201 /* FirebaseInAppMessagingSwift-Beta in Frameworks */ = {isa = PBXBuildFile; productRef = D603878F2AC8A5B60003C201 /* FirebaseInAppMessagingSwift-Beta */; };
		D60387922AC8A5B60003C201 /* FirebaseInstallations in Frameworks */ = {isa = PBXBuildFile; productRef = D60387912AC8A5B60003C201 /* FirebaseInstallations */; };
		D60387942AC8A5B60003C201 /* FirebaseMLModelDownloader in Frameworks */ = {isa = PBXBuildFile; productRef = D60387932AC8A5B60003C201 /* FirebaseMLModelDownloader */; };
		D60387962AC8A5B60003C201 /* FirebaseMessaging in Frameworks */ = {isa = PBXBuildFile; productRef = D60387952AC8A5B60003C201 /* FirebaseMessaging */; };
		D60387982AC8A5B60003C201 /* FirebasePerformance in Frameworks */ = {isa = PBXBuildFile; productRef = D60387972AC8A5B60003C201 /* FirebasePerformance */; };
		D603879A2AC8A5B60003C201 /* FirebaseRemoteConfig in Frameworks */ = {isa = PBXBuildFile; productRef = D60387992AC8A5B60003C201 /* FirebaseRemoteConfig */; };
		D603879C2AC8A5B60003C201 /* FirebaseRemoteConfigSwift in Frameworks */ = {isa = PBXBuildFile; productRef = D603879B2AC8A5B60003C201 /* FirebaseRemoteConfigSwift */; };
		D603879E2AC8A5B60003C201 /* FirebaseStorage in Frameworks */ = {isa = PBXBuildFile; productRef = D603879D2AC8A5B60003C201 /* FirebaseStorage */; };
		D60387A02AC8A5B60003C201 /* FirebaseStorageCombine-Community in Frameworks */ = {isa = PBXBuildFile; productRef = D603879F2AC8A5B60003C201 /* FirebaseStorageCombine-Community */; };
		D60387A72AC8B84C0003C201 /* ContentViewModel.swift in Sources */ = {isa = PBXBuildFile; fileRef = D60387A62AC8B84C0003C201 /* ContentViewModel.swift */; };
		D60387A92AC9E81B0003C201 /* LandingPageStandardView.swift in Sources */ = {isa = PBXBuildFile; fileRef = D60387A82AC9E81B0003C201 /* LandingPageStandardView.swift */; };
		D60387AB2AC9E83F0003C201 /* RegistrationStandardView.swift in Sources */ = {isa = PBXBuildFile; fileRef = D60387AA2AC9E83F0003C201 /* RegistrationStandardView.swift */; };
		D60387AD2AC9E8F60003C201 /* AuthViewModel.swift in Sources */ = {isa = PBXBuildFile; fileRef = D60387AC2AC9E8F60003C201 /* AuthViewModel.swift */; };
		D60387AF2AC9FB060003C201 /* LoginStandardView.swift in Sources */ = {isa = PBXBuildFile; fileRef = D60387AE2AC9FB060003C201 /* LoginStandardView.swift */; };
		D60387B32ACA22A70003C201 /* RegistrationExtension.swift in Sources */ = {isa = PBXBuildFile; fileRef = D60387B22ACA22A70003C201 /* RegistrationExtension.swift */; };
		D60387B62ACA23740003C201 /* CustomProtocols.swift in Sources */ = {isa = PBXBuildFile; fileRef = D60387B52ACA23740003C201 /* CustomProtocols.swift */; };
		D620905D2AA521B9004F9E92 /* Stock.swift in Sources */ = {isa = PBXBuildFile; fileRef = D620905C2AA521B9004F9E92 /* Stock.swift */; };
		D62090602AA52311004F9E92 /* StockError.swift in Sources */ = {isa = PBXBuildFile; fileRef = D620905F2AA52311004F9E92 /* StockError.swift */; };
		D62090622AA52EA5004F9E92 /* StockQuote.swift in Sources */ = {isa = PBXBuildFile; fileRef = D62090612AA52EA5004F9E92 /* StockQuote.swift */; };
		D62090642AA52EDA004F9E92 /* StockExtraData.swift in Sources */ = {isa = PBXBuildFile; fileRef = D62090632AA52EDA004F9E92 /* StockExtraData.swift */; };
		D63C40992A830E4200131604 /* StockScannerApp.swift in Sources */ = {isa = PBXBuildFile; fileRef = D63C40982A830E4200131604 /* StockScannerApp.swift */; };
		D63C409B2A830E4200131604 /* ContentView.swift in Sources */ = {isa = PBXBuildFile; fileRef = D63C409A2A830E4200131604 /* ContentView.swift */; };
		D63C409D2A830E4300131604 /* Assets.xcassets in Resources */ = {isa = PBXBuildFile; fileRef = D63C409C2A830E4300131604 /* Assets.xcassets */; };
		D63C40A02A830E4300131604 /* Preview Assets.xcassets in Resources */ = {isa = PBXBuildFile; fileRef = D63C409F2A830E4300131604 /* Preview Assets.xcassets */; };
		D65B95122ABA1ED1005E63A2 /* MostWatched.swift in Sources */ = {isa = PBXBuildFile; fileRef = D65B95112ABA1ED1005E63A2 /* MostWatched.swift */; };
		D67FAE932A841B7E00BE9BAC /* ProfileView.swift in Sources */ = {isa = PBXBuildFile; fileRef = D67FAE922A841B7E00BE9BAC /* ProfileView.swift */; };
		D67FAE982A841C9000BE9BAC /* ScanView.swift in Sources */ = {isa = PBXBuildFile; fileRef = D67FAE972A841C9000BE9BAC /* ScanView.swift */; };
		D67FAE9C2A841D6A00BE9BAC /* MainTabView.swift in Sources */ = {isa = PBXBuildFile; fileRef = D67FAE9B2A841D6A00BE9BAC /* MainTabView.swift */; };
		D67FAE9E2A8421D400BE9BAC /* User.swift in Sources */ = {isa = PBXBuildFile; fileRef = D67FAE9D2A8421D400BE9BAC /* User.swift */; };
		D67FAEA02A857B0300BE9BAC /* MockStock.swift in Sources */ = {isa = PBXBuildFile; fileRef = D67FAE9F2A857B0300BE9BAC /* MockStock.swift */; };
		D67FAEA82A858DB400BE9BAC /* StockColumnBodyView.swift in Sources */ = {isa = PBXBuildFile; fileRef = D67FAEA72A858DB400BE9BAC /* StockColumnBodyView.swift */; };
		D67FAEAA2A8C0D9200BE9BAC /* CircularProfileImageView.swift in Sources */ = {isa = PBXBuildFile; fileRef = D67FAEA92A8C0D9200BE9BAC /* CircularProfileImageView.swift */; };
		D67FAEAD2A8C0E2400BE9BAC /* LegalNoticeView.swift in Sources */ = {isa = PBXBuildFile; fileRef = D67FAEAC2A8C0E2400BE9BAC /* LegalNoticeView.swift */; };
		D67FAEB22A915CF700BE9BAC /* ActiveButtonComponent.swift in Sources */ = {isa = PBXBuildFile; fileRef = D67FAEB12A915CF700BE9BAC /* ActiveButtonComponent.swift */; };
		D67FAECE2A92B99900BE9BAC /* ScanViewModel.swift in Sources */ = {isa = PBXBuildFile; fileRef = D67FAECD2A92B99900BE9BAC /* ScanViewModel.swift */; };
		D69252FD2AA7DACA006EA15F /* StockPrice.swift in Sources */ = {isa = PBXBuildFile; fileRef = D69252FC2AA7DACA006EA15F /* StockPrice.swift */; };
		D69725632AABBF1500C4A0FC /* StockListView.swift in Sources */ = {isa = PBXBuildFile; fileRef = D69725622AABBF1500C4A0FC /* StockListView.swift */; };
		D6A5A6AE2AC6335000C0E754 /* LoginViewModel.swift in Sources */ = {isa = PBXBuildFile; fileRef = D6A5A6AD2AC6335000C0E754 /* LoginViewModel.swift */; };
		D6A5A6B02AC746AB00C0E754 /* LockRotationViewModifier.swift in Sources */ = {isa = PBXBuildFile; fileRef = D6A5A6AF2AC746AB00C0E754 /* LockRotationViewModifier.swift */; };
		D6A5A6B22AC75C9300C0E754 /* OrientationLockModifier.swift in Sources */ = {isa = PBXBuildFile; fileRef = D6A5A6B12AC75C9300C0E754 /* OrientationLockModifier.swift */; };
		D6AAFD032AAA718B00AF9676 /* APIConfig.swift in Sources */ = {isa = PBXBuildFile; fileRef = D6AAFD022AAA718B00AF9676 /* APIConfig.swift */; };
		D6AC0D0A2AA51CFD0029F59B /* StockColumnHeadersView.swift in Sources */ = {isa = PBXBuildFile; fileRef = D67FAEA42A85843C00BE9BAC /* StockColumnHeadersView.swift */; };
		D6F825172ABE2CD80099A647 /* CombinedStockData.swift in Sources */ = {isa = PBXBuildFile; fileRef = D6F825162ABE2CD80099A647 /* CombinedStockData.swift */; };
		D6F825372ABF725C0099A647 /* TradingViewHTML.swift in Sources */ = {isa = PBXBuildFile; fileRef = D6F825362ABF725C0099A647 /* TradingViewHTML.swift */; };
		D6F825392ABF77190099A647 /* TapeWebView.swift in Sources */ = {isa = PBXBuildFile; fileRef = D6F825382ABF77190099A647 /* TapeWebView.swift */; };
		D6F8253C2AC232F30099A647 /* StockScreener.swift in Sources */ = {isa = PBXBuildFile; fileRef = D6F8253B2AC232F30099A647 /* StockScreener.swift */; };
		D6F825412AC4AB1D0099A647 /* StockSearchView.swift in Sources */ = {isa = PBXBuildFile; fileRef = D6F825402AC4AB1D0099A647 /* StockSearchView.swift */; };
		D6F825432AC4B1120099A647 /* LandingPage.swift in Sources */ = {isa = PBXBuildFile; fileRef = D6F825422AC4B1120099A647 /* LandingPage.swift */; };
		D6F825472AC4BA7A0099A647 /* AddEmailView.swift in Sources */ = {isa = PBXBuildFile; fileRef = D6F825462AC4BA7A0099A647 /* AddEmailView.swift */; };
		D6F825492AC4BA870099A647 /* CreateUsernameView.swift in Sources */ = {isa = PBXBuildFile; fileRef = D6F825482AC4BA870099A647 /* CreateUsernameView.swift */; };
		D6F8254B2AC4BA930099A647 /* CreatePasswordView.swift in Sources */ = {isa = PBXBuildFile; fileRef = D6F8254A2AC4BA930099A647 /* CreatePasswordView.swift */; };
		D6F8254D2AC4BAB30099A647 /* CompletedSignUpview.swift in Sources */ = {isa = PBXBuildFile; fileRef = D6F8254C2AC4BAB30099A647 /* CompletedSignUpview.swift */; };
		D6F8254F2AC4BCEE0099A647 /* LoginView.swift in Sources */ = {isa = PBXBuildFile; fileRef = D6F8254E2AC4BCEE0099A647 /* LoginView.swift */; };
		D6F825512AC4C6830099A647 /* AuthInputView.swift in Sources */ = {isa = PBXBuildFile; fileRef = D6F825502AC4C6830099A647 /* AuthInputView.swift */; };
		D6F825532AC4C83B0099A647 /* InputModifiers.swift in Sources */ = {isa = PBXBuildFile; fileRef = D6F825522AC4C83B0099A647 /* InputModifiers.swift */; };
		D6F825552AC4C99A0099A647 /* RegistrationViewModel.swift in Sources */ = {isa = PBXBuildFile; fileRef = D6F825542AC4C99A0099A647 /* RegistrationViewModel.swift */; };
		D6F825572AC4EE200099A647 /* ButtonModifiers.swift in Sources */ = {isa = PBXBuildFile; fileRef = D6F825562AC4EE200099A647 /* ButtonModifiers.swift */; };
/* End PBXBuildFile section */

/* Begin PBXFileReference section */
		D60387682AC8A3CD0003C201 /* GoogleService-Info.plist */ = {isa = PBXFileReference; fileEncoding = 4; lastKnownFileType = text.plist.xml; path = "GoogleService-Info.plist"; sourceTree = "<group>"; };
		D60387A62AC8B84C0003C201 /* ContentViewModel.swift */ = {isa = PBXFileReference; lastKnownFileType = sourcecode.swift; path = ContentViewModel.swift; sourceTree = "<group>"; };
		D60387A82AC9E81B0003C201 /* LandingPageStandardView.swift */ = {isa = PBXFileReference; lastKnownFileType = sourcecode.swift; path = LandingPageStandardView.swift; sourceTree = "<group>"; };
		D60387AA2AC9E83F0003C201 /* RegistrationStandardView.swift */ = {isa = PBXFileReference; lastKnownFileType = sourcecode.swift; path = RegistrationStandardView.swift; sourceTree = "<group>"; };
		D60387AC2AC9E8F60003C201 /* AuthViewModel.swift */ = {isa = PBXFileReference; lastKnownFileType = sourcecode.swift; path = AuthViewModel.swift; sourceTree = "<group>"; };
		D60387AE2AC9FB060003C201 /* LoginStandardView.swift */ = {isa = PBXFileReference; lastKnownFileType = sourcecode.swift; path = LoginStandardView.swift; sourceTree = "<group>"; };
		D60387B22ACA22A70003C201 /* RegistrationExtension.swift */ = {isa = PBXFileReference; lastKnownFileType = sourcecode.swift; path = RegistrationExtension.swift; sourceTree = "<group>"; };
		D60387B52ACA23740003C201 /* CustomProtocols.swift */ = {isa = PBXFileReference; lastKnownFileType = sourcecode.swift; path = CustomProtocols.swift; sourceTree = "<group>"; };
		D620905C2AA521B9004F9E92 /* Stock.swift */ = {isa = PBXFileReference; lastKnownFileType = sourcecode.swift; path = Stock.swift; sourceTree = "<group>"; };
		D620905F2AA52311004F9E92 /* StockError.swift */ = {isa = PBXFileReference; lastKnownFileType = sourcecode.swift; path = StockError.swift; sourceTree = "<group>"; };
		D62090612AA52EA5004F9E92 /* StockQuote.swift */ = {isa = PBXFileReference; lastKnownFileType = sourcecode.swift; path = StockQuote.swift; sourceTree = "<group>"; };
		D62090632AA52EDA004F9E92 /* StockExtraData.swift */ = {isa = PBXFileReference; lastKnownFileType = sourcecode.swift; path = StockExtraData.swift; sourceTree = "<group>"; };
		D63C40952A830E4200131604 /* StockScanner.app */ = {isa = PBXFileReference; explicitFileType = wrapper.application; includeInIndex = 0; path = StockScanner.app; sourceTree = BUILT_PRODUCTS_DIR; };
		D63C40982A830E4200131604 /* StockScannerApp.swift */ = {isa = PBXFileReference; lastKnownFileType = sourcecode.swift; path = StockScannerApp.swift; sourceTree = "<group>"; };
		D63C409A2A830E4200131604 /* ContentView.swift */ = {isa = PBXFileReference; lastKnownFileType = sourcecode.swift; path = ContentView.swift; sourceTree = "<group>"; };
		D63C409C2A830E4300131604 /* Assets.xcassets */ = {isa = PBXFileReference; lastKnownFileType = folder.assetcatalog; path = Assets.xcassets; sourceTree = "<group>"; };
		D63C409F2A830E4300131604 /* Preview Assets.xcassets */ = {isa = PBXFileReference; lastKnownFileType = folder.assetcatalog; path = "Preview Assets.xcassets"; sourceTree = "<group>"; };
		D65B95112ABA1ED1005E63A2 /* MostWatched.swift */ = {isa = PBXFileReference; lastKnownFileType = sourcecode.swift; path = MostWatched.swift; sourceTree = "<group>"; };
		D67FAE812A8417F000BE9BAC /* README.md */ = {isa = PBXFileReference; lastKnownFileType = net.daringfireball.markdown; path = README.md; sourceTree = "<group>"; };
		D67FAE922A841B7E00BE9BAC /* ProfileView.swift */ = {isa = PBXFileReference; lastKnownFileType = sourcecode.swift; path = ProfileView.swift; sourceTree = "<group>"; };
		D67FAE972A841C9000BE9BAC /* ScanView.swift */ = {isa = PBXFileReference; lastKnownFileType = sourcecode.swift; path = ScanView.swift; sourceTree = "<group>"; };
		D67FAE9B2A841D6A00BE9BAC /* MainTabView.swift */ = {isa = PBXFileReference; lastKnownFileType = sourcecode.swift; path = MainTabView.swift; sourceTree = "<group>"; };
		D67FAE9D2A8421D400BE9BAC /* User.swift */ = {isa = PBXFileReference; lastKnownFileType = sourcecode.swift; path = User.swift; sourceTree = "<group>"; };
		D67FAE9F2A857B0300BE9BAC /* MockStock.swift */ = {isa = PBXFileReference; lastKnownFileType = sourcecode.swift; path = MockStock.swift; sourceTree = "<group>"; };
		D67FAEA42A85843C00BE9BAC /* StockColumnHeadersView.swift */ = {isa = PBXFileReference; lastKnownFileType = sourcecode.swift; path = StockColumnHeadersView.swift; sourceTree = "<group>"; };
		D67FAEA72A858DB400BE9BAC /* StockColumnBodyView.swift */ = {isa = PBXFileReference; lastKnownFileType = sourcecode.swift; path = StockColumnBodyView.swift; sourceTree = "<group>"; };
		D67FAEA92A8C0D9200BE9BAC /* CircularProfileImageView.swift */ = {isa = PBXFileReference; lastKnownFileType = sourcecode.swift; path = CircularProfileImageView.swift; sourceTree = "<group>"; };
		D67FAEAC2A8C0E2400BE9BAC /* LegalNoticeView.swift */ = {isa = PBXFileReference; lastKnownFileType = sourcecode.swift; path = LegalNoticeView.swift; sourceTree = "<group>"; };
		D67FAEB12A915CF700BE9BAC /* ActiveButtonComponent.swift */ = {isa = PBXFileReference; lastKnownFileType = sourcecode.swift; path = ActiveButtonComponent.swift; sourceTree = "<group>"; };
		D67FAECD2A92B99900BE9BAC /* ScanViewModel.swift */ = {isa = PBXFileReference; lastKnownFileType = sourcecode.swift; path = ScanViewModel.swift; sourceTree = "<group>"; };
		D69252FC2AA7DACA006EA15F /* StockPrice.swift */ = {isa = PBXFileReference; lastKnownFileType = sourcecode.swift; path = StockPrice.swift; sourceTree = "<group>"; };
		D69725622AABBF1500C4A0FC /* StockListView.swift */ = {isa = PBXFileReference; lastKnownFileType = sourcecode.swift; path = StockListView.swift; sourceTree = "<group>"; };
		D6A5A6AD2AC6335000C0E754 /* LoginViewModel.swift */ = {isa = PBXFileReference; lastKnownFileType = sourcecode.swift; path = LoginViewModel.swift; sourceTree = "<group>"; };
		D6A5A6AF2AC746AB00C0E754 /* LockRotationViewModifier.swift */ = {isa = PBXFileReference; lastKnownFileType = sourcecode.swift; path = LockRotationViewModifier.swift; sourceTree = "<group>"; };
		D6A5A6B12AC75C9300C0E754 /* OrientationLockModifier.swift */ = {isa = PBXFileReference; lastKnownFileType = sourcecode.swift; path = OrientationLockModifier.swift; sourceTree = "<group>"; };
		D6AAFD022AAA718B00AF9676 /* APIConfig.swift */ = {isa = PBXFileReference; lastKnownFileType = sourcecode.swift; path = APIConfig.swift; sourceTree = "<group>"; };
		D6F825162ABE2CD80099A647 /* CombinedStockData.swift */ = {isa = PBXFileReference; lastKnownFileType = sourcecode.swift; path = CombinedStockData.swift; sourceTree = "<group>"; };
		D6F825362ABF725C0099A647 /* TradingViewHTML.swift */ = {isa = PBXFileReference; lastKnownFileType = sourcecode.swift; path = TradingViewHTML.swift; sourceTree = "<group>"; };
		D6F825382ABF77190099A647 /* TapeWebView.swift */ = {isa = PBXFileReference; lastKnownFileType = sourcecode.swift; path = TapeWebView.swift; sourceTree = "<group>"; };
		D6F8253B2AC232F30099A647 /* StockScreener.swift */ = {isa = PBXFileReference; lastKnownFileType = sourcecode.swift; path = StockScreener.swift; sourceTree = "<group>"; };
		D6F825402AC4AB1D0099A647 /* StockSearchView.swift */ = {isa = PBXFileReference; lastKnownFileType = sourcecode.swift; path = StockSearchView.swift; sourceTree = "<group>"; };
		D6F825422AC4B1120099A647 /* LandingPage.swift */ = {isa = PBXFileReference; lastKnownFileType = sourcecode.swift; path = LandingPage.swift; sourceTree = "<group>"; };
		D6F825462AC4BA7A0099A647 /* AddEmailView.swift */ = {isa = PBXFileReference; lastKnownFileType = sourcecode.swift; path = AddEmailView.swift; sourceTree = "<group>"; };
		D6F825482AC4BA870099A647 /* CreateUsernameView.swift */ = {isa = PBXFileReference; lastKnownFileType = sourcecode.swift; path = CreateUsernameView.swift; sourceTree = "<group>"; };
		D6F8254A2AC4BA930099A647 /* CreatePasswordView.swift */ = {isa = PBXFileReference; lastKnownFileType = sourcecode.swift; path = CreatePasswordView.swift; sourceTree = "<group>"; };
		D6F8254C2AC4BAB30099A647 /* CompletedSignUpview.swift */ = {isa = PBXFileReference; lastKnownFileType = sourcecode.swift; path = CompletedSignUpview.swift; sourceTree = "<group>"; };
		D6F8254E2AC4BCEE0099A647 /* LoginView.swift */ = {isa = PBXFileReference; lastKnownFileType = sourcecode.swift; path = LoginView.swift; sourceTree = "<group>"; };
		D6F825502AC4C6830099A647 /* AuthInputView.swift */ = {isa = PBXFileReference; lastKnownFileType = sourcecode.swift; path = AuthInputView.swift; sourceTree = "<group>"; };
		D6F825522AC4C83B0099A647 /* InputModifiers.swift */ = {isa = PBXFileReference; lastKnownFileType = sourcecode.swift; path = InputModifiers.swift; sourceTree = "<group>"; };
		D6F825542AC4C99A0099A647 /* RegistrationViewModel.swift */ = {isa = PBXFileReference; lastKnownFileType = sourcecode.swift; path = RegistrationViewModel.swift; sourceTree = "<group>"; };
		D6F825562AC4EE200099A647 /* ButtonModifiers.swift */ = {isa = PBXFileReference; lastKnownFileType = sourcecode.swift; path = ButtonModifiers.swift; sourceTree = "<group>"; };
/* End PBXFileReference section */

/* Begin PBXFrameworksBuildPhase section */
		D63C40922A830E4200131604 /* Frameworks */ = {
			isa = PBXFrameworksBuildPhase;
			buildActionMask = 2147483647;
			files = (
				D603877E2AC8A5B60003C201 /* FirebaseDatabase in Frameworks */,
				D603878C2AC8A5B60003C201 /* FirebaseFunctionsCombine-Community in Frameworks */,
				D60387842AC8A5B60003C201 /* FirebaseFirestore in Frameworks */,
				D60387702AC8A5B60003C201 /* FirebaseAnalyticsSwift in Frameworks */,
				D603876C2AC8A5B60003C201 /* FirebaseAnalytics in Frameworks */,
				D603876E2AC8A5B60003C201 /* FirebaseAnalyticsOnDeviceConversion in Frameworks */,
				D60387942AC8A5B60003C201 /* FirebaseMLModelDownloader in Frameworks */,
				D60387882AC8A5B60003C201 /* FirebaseFirestoreSwift in Frameworks */,
				D60387742AC8A5B60003C201 /* FirebaseAppCheck in Frameworks */,
				D60387722AC8A5B60003C201 /* FirebaseAnalyticsWithoutAdIdSupport in Frameworks */,
				D60387782AC8A5B60003C201 /* FirebaseAuth in Frameworks */,
				D603877C2AC8A5B60003C201 /* FirebaseCrashlytics in Frameworks */,
				D603879C2AC8A5B60003C201 /* FirebaseRemoteConfigSwift in Frameworks */,
				D603878E2AC8A5B60003C201 /* FirebaseInAppMessaging-Beta in Frameworks */,
				D60387802AC8A5B60003C201 /* FirebaseDatabaseSwift in Frameworks */,
				D603878A2AC8A5B60003C201 /* FirebaseFunctions in Frameworks */,
				D60387A02AC8A5B60003C201 /* FirebaseStorageCombine-Community in Frameworks */,
				D603879A2AC8A5B60003C201 /* FirebaseRemoteConfig in Frameworks */,
				D60387762AC8A5B60003C201 /* FirebaseAppDistribution-Beta in Frameworks */,
				D603877A2AC8A5B60003C201 /* FirebaseAuthCombine-Community in Frameworks */,
				D60387982AC8A5B60003C201 /* FirebasePerformance in Frameworks */,
				D60387902AC8A5B60003C201 /* FirebaseInAppMessagingSwift-Beta in Frameworks */,
				D603879E2AC8A5B60003C201 /* FirebaseStorage in Frameworks */,
				D60387822AC8A5B60003C201 /* FirebaseDynamicLinks in Frameworks */,
				D60387862AC8A5B60003C201 /* FirebaseFirestoreCombine-Community in Frameworks */,
				D60387962AC8A5B60003C201 /* FirebaseMessaging in Frameworks */,
				D60387922AC8A5B60003C201 /* FirebaseInstallations in Frameworks */,
			);
			runOnlyForDeploymentPostprocessing = 0;
		};
/* End PBXFrameworksBuildPhase section */

/* Begin PBXGroup section */
		D60387B02AC9FB0F0003C201 /* AuthViewTesting */ = {
			isa = PBXGroup;
			children = (
				D6F825422AC4B1120099A647 /* LandingPage.swift */,
				D6F8254E2AC4BCEE0099A647 /* LoginView.swift */,
				D6F825462AC4BA7A0099A647 /* AddEmailView.swift */,
				D6F825482AC4BA870099A647 /* CreateUsernameView.swift */,
				D6F8254A2AC4BA930099A647 /* CreatePasswordView.swift */,
				D6F8254C2AC4BAB30099A647 /* CompletedSignUpview.swift */,
			);
			path = AuthViewTesting;
			sourceTree = "<group>";
		};
		D60387B12ACA22740003C201 /* Extensions */ = {
			isa = PBXGroup;
			children = (
				D60387B22ACA22A70003C201 /* RegistrationExtension.swift */,
			);
			path = Extensions;
			sourceTree = "<group>";
		};
		D60387B42ACA23410003C201 /* CustomProtocols */ = {
			isa = PBXGroup;
			children = (
				D60387B52ACA23740003C201 /* CustomProtocols.swift */,
			);
			path = CustomProtocols;
			sourceTree = "<group>";
		};
		D620905E2AA522F9004F9E92 /* ErrorHandling */ = {
			isa = PBXGroup;
			children = (
				D620905F2AA52311004F9E92 /* StockError.swift */,
			);
			path = ErrorHandling;
			sourceTree = "<group>";
		};
		D63C408C2A830E4200131604 = {
			isa = PBXGroup;
			children = (
				D63C40972A830E4200131604 /* StockScanner */,
				D63C40962A830E4200131604 /* Products */,
			);
			sourceTree = "<group>";
		};
		D63C40962A830E4200131604 /* Products */ = {
			isa = PBXGroup;
			children = (
				D63C40952A830E4200131604 /* StockScanner.app */,
			);
			name = Products;
			sourceTree = "<group>";
		};
		D63C40972A830E4200131604 /* StockScanner */ = {
			isa = PBXGroup;
			children = (
				D67FAE812A8417F000BE9BAC /* README.md */,
				D67FAE802A8417B900BE9BAC /* App */,
				D67FAE7C2A8417AB00BE9BAC /* Utills */,
				D67FAE7E2A8417B400BE9BAC /* Models */,
				D67FAE7F2A8417B600BE9BAC /* Core */,
				D63C409C2A830E4300131604 /* Assets.xcassets */,
				D63C409E2A830E4300131604 /* Preview Content */,
			);
			path = StockScanner;
			sourceTree = "<group>";
		};
		D63C409E2A830E4300131604 /* Preview Content */ = {
			isa = PBXGroup;
			children = (
				D63C409F2A830E4300131604 /* Preview Assets.xcassets */,
			);
			path = "Preview Content";
			sourceTree = "<group>";
		};
		D67FAE7C2A8417AB00BE9BAC /* Utills */ = {
			isa = PBXGroup;
			children = (
				D60387B42ACA23410003C201 /* CustomProtocols */,
				D60387B12ACA22740003C201 /* Extensions */,
				D620905E2AA522F9004F9E92 /* ErrorHandling */,
				D67FAEA12A857B8500BE9BAC /* Modifiers */,
				D67FAE892A841A7400BE9BAC /* GlobalComponents */,
				D6F8253A2AC0C6EB0099A647 /* Widgets */,
			);
			path = Utills;
			sourceTree = "<group>";
		};
		D67FAE7E2A8417B400BE9BAC /* Models */ = {
			isa = PBXGroup;
			children = (
				D67FAE9F2A857B0300BE9BAC /* MockStock.swift */,
				D65B95112ABA1ED1005E63A2 /* MostWatched.swift */,
				D62090612AA52EA5004F9E92 /* StockQuote.swift */,
				D6F825162ABE2CD80099A647 /* CombinedStockData.swift */,
				D620905C2AA521B9004F9E92 /* Stock.swift */,
				D69252FC2AA7DACA006EA15F /* StockPrice.swift */,
				D62090632AA52EDA004F9E92 /* StockExtraData.swift */,
				D6F8253B2AC232F30099A647 /* StockScreener.swift */,
				D67FAE9D2A8421D400BE9BAC /* User.swift */,
			);
			path = Models;
			sourceTree = "<group>";
		};
		D67FAE7F2A8417B600BE9BAC /* Core */ = {
			isa = PBXGroup;
			children = (
				D67FAE872A8419B700BE9BAC /* Authentication */,
				D67FAE862A8419B500BE9BAC /* Root */,
				D67FAE852A8419B100BE9BAC /* Profile */,
				D67FAE942A841C3800BE9BAC /* ScanFeed */,
				D6F8253D2AC4AA910099A647 /* StockSearch */,
				D67FAE822A84189100BE9BAC /* TabBar */,
				D6AAFD012AAA709500AF9676 /* ConfidentialData */,
			);
			path = Core;
			sourceTree = "<group>";
		};
		D67FAE802A8417B900BE9BAC /* App */ = {
			isa = PBXGroup;
			children = (
				D63C40982A830E4200131604 /* StockScannerApp.swift */,
			);
			path = App;
			sourceTree = "<group>";
		};
		D67FAE822A84189100BE9BAC /* TabBar */ = {
			isa = PBXGroup;
			children = (
				D67FAE842A8418BB00BE9BAC /* View */,
				D67FAE832A8418B600BE9BAC /* ViewModel */,
			);
			path = TabBar;
			sourceTree = "<group>";
		};
		D67FAE832A8418B600BE9BAC /* ViewModel */ = {
			isa = PBXGroup;
			children = (
			);
			path = ViewModel;
			sourceTree = "<group>";
		};
		D67FAE842A8418BB00BE9BAC /* View */ = {
			isa = PBXGroup;
			children = (
				D67FAE9B2A841D6A00BE9BAC /* MainTabView.swift */,
			);
			path = View;
			sourceTree = "<group>";
		};
		D67FAE852A8419B100BE9BAC /* Profile */ = {
			isa = PBXGroup;
			children = (
				D67FAE8D2A841AEA00BE9BAC /* View */,
				D67FAE8C2A841AE600BE9BAC /* ViewModel */,
			);
			path = Profile;
			sourceTree = "<group>";
		};
		D67FAE862A8419B500BE9BAC /* Root */ = {
			isa = PBXGroup;
			children = (
				D67FAE8F2A841B0700BE9BAC /* View */,
				D67FAE8E2A841B0400BE9BAC /* ViewModel */,
			);
			path = Root;
			sourceTree = "<group>";
		};
		D67FAE872A8419B700BE9BAC /* Authentication */ = {
			isa = PBXGroup;
			children = (
				D67FAE8B2A841AB900BE9BAC /* View */,
				D67FAE8A2A841AB100BE9BAC /* ViewModel */,
			);
			path = Authentication;
			sourceTree = "<group>";
		};
		D67FAE892A841A7400BE9BAC /* GlobalComponents */ = {
			isa = PBXGroup;
			children = (
				D67FAEB12A915CF700BE9BAC /* ActiveButtonComponent.swift */,
				D67FAEA92A8C0D9200BE9BAC /* CircularProfileImageView.swift */,
				D67FAEAC2A8C0E2400BE9BAC /* LegalNoticeView.swift */,
				D6F825502AC4C6830099A647 /* AuthInputView.swift */,
			);
			path = GlobalComponents;
			sourceTree = "<group>";
		};
		D67FAE8A2A841AB100BE9BAC /* ViewModel */ = {
			isa = PBXGroup;
			children = (
				D60387AC2AC9E8F60003C201 /* AuthViewModel.swift */,
				D6F825542AC4C99A0099A647 /* RegistrationViewModel.swift */,
				D6A5A6AD2AC6335000C0E754 /* LoginViewModel.swift */,
			);
			path = ViewModel;
			sourceTree = "<group>";
		};
		D67FAE8B2A841AB900BE9BAC /* View */ = {
			isa = PBXGroup;
			children = (
				D60387B02AC9FB0F0003C201 /* AuthViewTesting */,
				D60387A82AC9E81B0003C201 /* LandingPageStandardView.swift */,
				D60387AA2AC9E83F0003C201 /* RegistrationStandardView.swift */,
				D60387AE2AC9FB060003C201 /* LoginStandardView.swift */,
			);
			path = View;
			sourceTree = "<group>";
		};
		D67FAE8C2A841AE600BE9BAC /* ViewModel */ = {
			isa = PBXGroup;
			children = (
			);
			path = ViewModel;
			sourceTree = "<group>";
		};
		D67FAE8D2A841AEA00BE9BAC /* View */ = {
			isa = PBXGroup;
			children = (
				D67FAE922A841B7E00BE9BAC /* ProfileView.swift */,
			);
			path = View;
			sourceTree = "<group>";
		};
		D67FAE8E2A841B0400BE9BAC /* ViewModel */ = {
			isa = PBXGroup;
			children = (
				D60387A62AC8B84C0003C201 /* ContentViewModel.swift */,
			);
			path = ViewModel;
			sourceTree = "<group>";
		};
		D67FAE8F2A841B0700BE9BAC /* View */ = {
			isa = PBXGroup;
			children = (
				D63C409A2A830E4200131604 /* ContentView.swift */,
			);
			path = View;
			sourceTree = "<group>";
		};
		D67FAE942A841C3800BE9BAC /* ScanFeed */ = {
			isa = PBXGroup;
			children = (
				D67FAE962A841C6F00BE9BAC /* View */,
				D67FAE952A841C6400BE9BAC /* ViewModel */,
			);
			path = ScanFeed;
			sourceTree = "<group>";
		};
		D67FAE952A841C6400BE9BAC /* ViewModel */ = {
			isa = PBXGroup;
			children = (
				D67FAECD2A92B99900BE9BAC /* ScanViewModel.swift */,
			);
			path = ViewModel;
			sourceTree = "<group>";
		};
		D67FAE962A841C6F00BE9BAC /* View */ = {
			isa = PBXGroup;
			children = (
				D67FAE972A841C9000BE9BAC /* ScanView.swift */,
				D69725622AABBF1500C4A0FC /* StockListView.swift */,
				D67FAEA42A85843C00BE9BAC /* StockColumnHeadersView.swift */,
				D67FAEA72A858DB400BE9BAC /* StockColumnBodyView.swift */,
			);
			path = View;
			sourceTree = "<group>";
		};
		D67FAEA12A857B8500BE9BAC /* Modifiers */ = {
			isa = PBXGroup;
			children = (
				D6F825562AC4EE200099A647 /* ButtonModifiers.swift */,
				D6F825522AC4C83B0099A647 /* InputModifiers.swift */,
				D6A5A6AF2AC746AB00C0E754 /* LockRotationViewModifier.swift */,
				D6A5A6B12AC75C9300C0E754 /* OrientationLockModifier.swift */,
			);
			path = Modifiers;
			sourceTree = "<group>";
		};
		D6AAFD012AAA709500AF9676 /* ConfidentialData */ = {
			isa = PBXGroup;
			children = (
				D6AAFD022AAA718B00AF9676 /* APIConfig.swift */,
				D60387682AC8A3CD0003C201 /* GoogleService-Info.plist */,
			);
			path = ConfidentialData;
			sourceTree = "<group>";
		};
		D6F8253A2AC0C6EB0099A647 /* Widgets */ = {
			isa = PBXGroup;
			children = (
				D6F825382ABF77190099A647 /* TapeWebView.swift */,
				D6F825362ABF725C0099A647 /* TradingViewHTML.swift */,
			);
			path = Widgets;
			sourceTree = "<group>";
		};
		D6F8253D2AC4AA910099A647 /* StockSearch */ = {
			isa = PBXGroup;
			children = (
				D6F8253F2AC4AAF10099A647 /* View */,
				D6F8253E2AC4AAE40099A647 /* ViewModel */,
			);
			path = StockSearch;
			sourceTree = "<group>";
		};
		D6F8253E2AC4AAE40099A647 /* ViewModel */ = {
			isa = PBXGroup;
			children = (
			);
			path = ViewModel;
			sourceTree = "<group>";
		};
		D6F8253F2AC4AAF10099A647 /* View */ = {
			isa = PBXGroup;
			children = (
				D6F825402AC4AB1D0099A647 /* StockSearchView.swift */,
			);
			path = View;
			sourceTree = "<group>";
		};
/* End PBXGroup section */

/* Begin PBXNativeTarget section */
		D63C40942A830E4200131604 /* StockScanner */ = {
			isa = PBXNativeTarget;
			buildConfigurationList = D63C40A32A830E4300131604 /* Build configuration list for PBXNativeTarget "StockScanner" */;
			buildPhases = (
				D63C40912A830E4200131604 /* Sources */,
				D63C40922A830E4200131604 /* Frameworks */,
				D63C40932A830E4200131604 /* Resources */,
			);
			buildRules = (
			);
			dependencies = (
			);
			name = StockScanner;
			packageProductDependencies = (
				D603876B2AC8A5B60003C201 /* FirebaseAnalytics */,
				D603876D2AC8A5B60003C201 /* FirebaseAnalyticsOnDeviceConversion */,
				D603876F2AC8A5B60003C201 /* FirebaseAnalyticsSwift */,
				D60387712AC8A5B60003C201 /* FirebaseAnalyticsWithoutAdIdSupport */,
				D60387732AC8A5B60003C201 /* FirebaseAppCheck */,
				D60387752AC8A5B60003C201 /* FirebaseAppDistribution-Beta */,
				D60387772AC8A5B60003C201 /* FirebaseAuth */,
				D60387792AC8A5B60003C201 /* FirebaseAuthCombine-Community */,
				D603877B2AC8A5B60003C201 /* FirebaseCrashlytics */,
				D603877D2AC8A5B60003C201 /* FirebaseDatabase */,
				D603877F2AC8A5B60003C201 /* FirebaseDatabaseSwift */,
				D60387812AC8A5B60003C201 /* FirebaseDynamicLinks */,
				D60387832AC8A5B60003C201 /* FirebaseFirestore */,
				D60387852AC8A5B60003C201 /* FirebaseFirestoreCombine-Community */,
				D60387872AC8A5B60003C201 /* FirebaseFirestoreSwift */,
				D60387892AC8A5B60003C201 /* FirebaseFunctions */,
				D603878B2AC8A5B60003C201 /* FirebaseFunctionsCombine-Community */,
				D603878D2AC8A5B60003C201 /* FirebaseInAppMessaging-Beta */,
				D603878F2AC8A5B60003C201 /* FirebaseInAppMessagingSwift-Beta */,
				D60387912AC8A5B60003C201 /* FirebaseInstallations */,
				D60387932AC8A5B60003C201 /* FirebaseMLModelDownloader */,
				D60387952AC8A5B60003C201 /* FirebaseMessaging */,
				D60387972AC8A5B60003C201 /* FirebasePerformance */,
				D60387992AC8A5B60003C201 /* FirebaseRemoteConfig */,
				D603879B2AC8A5B60003C201 /* FirebaseRemoteConfigSwift */,
				D603879D2AC8A5B60003C201 /* FirebaseStorage */,
				D603879F2AC8A5B60003C201 /* FirebaseStorageCombine-Community */,
			);
			productName = StockScanner;
			productReference = D63C40952A830E4200131604 /* StockScanner.app */;
			productType = "com.apple.product-type.application";
		};
/* End PBXNativeTarget section */

/* Begin PBXProject section */
		D63C408D2A830E4200131604 /* Project object */ = {
			isa = PBXProject;
			attributes = {
				BuildIndependentTargetsInParallel = 1;
				LastSwiftUpdateCheck = 1430;
				LastUpgradeCheck = 1500;
				TargetAttributes = {
					D63C40942A830E4200131604 = {
						CreatedOnToolsVersion = 14.3.1;
					};
				};
			};
			buildConfigurationList = D63C40902A830E4200131604 /* Build configuration list for PBXProject "StockScanner" */;
			compatibilityVersion = "Xcode 14.0";
			developmentRegion = en;
			hasScannedForEncodings = 0;
			knownRegions = (
				en,
				Base,
			);
			mainGroup = D63C408C2A830E4200131604;
			packageReferences = (
				D603876A2AC8A5B60003C201 /* XCRemoteSwiftPackageReference "firebase-ios-sdk" */,
			);
			productRefGroup = D63C40962A830E4200131604 /* Products */;
			projectDirPath = "";
			projectRoot = "";
			targets = (
				D63C40942A830E4200131604 /* StockScanner */,
			);
		};
/* End PBXProject section */

/* Begin PBXResourcesBuildPhase section */
		D63C40932A830E4200131604 /* Resources */ = {
			isa = PBXResourcesBuildPhase;
			buildActionMask = 2147483647;
			files = (
				D63C40A02A830E4300131604 /* Preview Assets.xcassets in Resources */,
				D63C409D2A830E4300131604 /* Assets.xcassets in Resources */,
				D60387692AC8A3CD0003C201 /* GoogleService-Info.plist in Resources */,
			);
			runOnlyForDeploymentPostprocessing = 0;
		};
/* End PBXResourcesBuildPhase section */

/* Begin PBXSourcesBuildPhase section */
		D63C40912A830E4200131604 /* Sources */ = {
			isa = PBXSourcesBuildPhase;
			buildActionMask = 2147483647;
			files = (
				D63C409B2A830E4200131604 /* ContentView.swift in Sources */,
				D6F825552AC4C99A0099A647 /* RegistrationViewModel.swift in Sources */,
				D67FAEA82A858DB400BE9BAC /* StockColumnBodyView.swift in Sources */,
				D6F825572AC4EE200099A647 /* ButtonModifiers.swift in Sources */,
				D67FAEAD2A8C0E2400BE9BAC /* LegalNoticeView.swift in Sources */,
				D60387A92AC9E81B0003C201 /* LandingPageStandardView.swift in Sources */,
				D69725632AABBF1500C4A0FC /* StockListView.swift in Sources */,
				D67FAE982A841C9000BE9BAC /* ScanView.swift in Sources */,
				D6F8254D2AC4BAB30099A647 /* CompletedSignUpview.swift in Sources */,
				D67FAECE2A92B99900BE9BAC /* ScanViewModel.swift in Sources */,
				D67FAE9E2A8421D400BE9BAC /* User.swift in Sources */,
				D62090642AA52EDA004F9E92 /* StockExtraData.swift in Sources */,
				D6F825372ABF725C0099A647 /* TradingViewHTML.swift in Sources */,
				D6F825532AC4C83B0099A647 /* InputModifiers.swift in Sources */,
				D67FAE932A841B7E00BE9BAC /* ProfileView.swift in Sources */,
				D620905D2AA521B9004F9E92 /* Stock.swift in Sources */,
				D62090602AA52311004F9E92 /* StockError.swift in Sources */,
				D60387A72AC8B84C0003C201 /* ContentViewModel.swift in Sources */,
				D67FAEA02A857B0300BE9BAC /* MockStock.swift in Sources */,
				D65B95122ABA1ED1005E63A2 /* MostWatched.swift in Sources */,
				D6F825472AC4BA7A0099A647 /* AddEmailView.swift in Sources */,
				D62090622AA52EA5004F9E92 /* StockQuote.swift in Sources */,
				D6F825492AC4BA870099A647 /* CreateUsernameView.swift in Sources */,
				D6F825412AC4AB1D0099A647 /* StockSearchView.swift in Sources */,
				D6AC0D0A2AA51CFD0029F59B /* StockColumnHeadersView.swift in Sources */,
				D6F825512AC4C6830099A647 /* AuthInputView.swift in Sources */,
				D6F8254B2AC4BA930099A647 /* CreatePasswordView.swift in Sources */,
				D63C40992A830E4200131604 /* StockScannerApp.swift in Sources */,
				D60387AB2AC9E83F0003C201 /* RegistrationStandardView.swift in Sources */,
				D6AAFD032AAA718B00AF9676 /* APIConfig.swift in Sources */,
				D6A5A6B02AC746AB00C0E754 /* LockRotationViewModifier.swift in Sources */,
				D6F8253C2AC232F30099A647 /* StockScreener.swift in Sources */,
				D67FAE9C2A841D6A00BE9BAC /* MainTabView.swift in Sources */,
				D6A5A6AE2AC6335000C0E754 /* LoginViewModel.swift in Sources */,
				D6F825432AC4B1120099A647 /* LandingPage.swift in Sources */,
				D6F825392ABF77190099A647 /* TapeWebView.swift in Sources */,
				D69252FD2AA7DACA006EA15F /* StockPrice.swift in Sources */,
				D6F825172ABE2CD80099A647 /* CombinedStockData.swift in Sources */,
				D60387AF2AC9FB060003C201 /* LoginStandardView.swift in Sources */,
				D6A5A6B22AC75C9300C0E754 /* OrientationLockModifier.swift in Sources */,
				D60387AD2AC9E8F60003C201 /* AuthViewModel.swift in Sources */,
				D6F8254F2AC4BCEE0099A647 /* LoginView.swift in Sources */,
				D67FAEAA2A8C0D9200BE9BAC /* CircularProfileImageView.swift in Sources */,
				D67FAEB22A915CF700BE9BAC /* ActiveButtonComponent.swift in Sources */,
				D60387B62ACA23740003C201 /* CustomProtocols.swift in Sources */,
				D60387B32ACA22A70003C201 /* RegistrationExtension.swift in Sources */,
			);
			runOnlyForDeploymentPostprocessing = 0;
		};
/* End PBXSourcesBuildPhase section */

/* Begin XCBuildConfiguration section */
		D63C40A12A830E4300131604 /* Debug */ = {
			isa = XCBuildConfiguration;
			buildSettings = {
				ALWAYS_SEARCH_USER_PATHS = NO;
				CLANG_ANALYZER_NONNULL = YES;
				CLANG_ANALYZER_NUMBER_OBJECT_CONVERSION = YES_AGGRESSIVE;
				CLANG_CXX_LANGUAGE_STANDARD = "gnu++20";
				CLANG_ENABLE_MODULES = YES;
				CLANG_ENABLE_OBJC_ARC = YES;
				CLANG_ENABLE_OBJC_WEAK = YES;
				CLANG_WARN_BLOCK_CAPTURE_AUTORELEASING = YES;
				CLANG_WARN_BOOL_CONVERSION = YES;
				CLANG_WARN_COMMA = YES;
				CLANG_WARN_CONSTANT_CONVERSION = YES;
				CLANG_WARN_DEPRECATED_OBJC_IMPLEMENTATIONS = YES;
				CLANG_WARN_DIRECT_OBJC_ISA_USAGE = YES_ERROR;
				CLANG_WARN_DOCUMENTATION_COMMENTS = YES;
				CLANG_WARN_EMPTY_BODY = YES;
				CLANG_WARN_ENUM_CONVERSION = YES;
				CLANG_WARN_INFINITE_RECURSION = YES;
				CLANG_WARN_INT_CONVERSION = YES;
				CLANG_WARN_NON_LITERAL_NULL_CONVERSION = YES;
				CLANG_WARN_OBJC_IMPLICIT_RETAIN_SELF = YES;
				CLANG_WARN_OBJC_LITERAL_CONVERSION = YES;
				CLANG_WARN_OBJC_ROOT_CLASS = YES_ERROR;
				CLANG_WARN_QUOTED_INCLUDE_IN_FRAMEWORK_HEADER = YES;
				CLANG_WARN_RANGE_LOOP_ANALYSIS = YES;
				CLANG_WARN_STRICT_PROTOTYPES = YES;
				CLANG_WARN_SUSPICIOUS_MOVE = YES;
				CLANG_WARN_UNGUARDED_AVAILABILITY = YES_AGGRESSIVE;
				CLANG_WARN_UNREACHABLE_CODE = YES;
				CLANG_WARN__DUPLICATE_METHOD_MATCH = YES;
				COPY_PHASE_STRIP = NO;
				DEBUG_INFORMATION_FORMAT = dwarf;
				ENABLE_STRICT_OBJC_MSGSEND = YES;
				ENABLE_TESTABILITY = YES;
				ENABLE_USER_SCRIPT_SANDBOXING = YES;
				GCC_C_LANGUAGE_STANDARD = gnu11;
				GCC_DYNAMIC_NO_PIC = NO;
				GCC_NO_COMMON_BLOCKS = YES;
				GCC_OPTIMIZATION_LEVEL = 0;
				GCC_PREPROCESSOR_DEFINITIONS = (
					"DEBUG=1",
					"$(inherited)",
				);
				GCC_WARN_64_TO_32_BIT_CONVERSION = YES;
				GCC_WARN_ABOUT_RETURN_TYPE = YES_ERROR;
				GCC_WARN_UNDECLARED_SELECTOR = YES;
				GCC_WARN_UNINITIALIZED_AUTOS = YES_AGGRESSIVE;
				GCC_WARN_UNUSED_FUNCTION = YES;
				GCC_WARN_UNUSED_VARIABLE = YES;
				IPHONEOS_DEPLOYMENT_TARGET = 17.0;
				MTL_ENABLE_DEBUG_INFO = INCLUDE_SOURCE;
				MTL_FAST_MATH = YES;
				ONLY_ACTIVE_ARCH = YES;
				SDKROOT = iphoneos;
				SWIFT_ACTIVE_COMPILATION_CONDITIONS = DEBUG;
				SWIFT_OPTIMIZATION_LEVEL = "-Onone";
			};
			name = Debug;
		};
		D63C40A22A830E4300131604 /* Release */ = {
			isa = XCBuildConfiguration;
			buildSettings = {
				ALWAYS_SEARCH_USER_PATHS = NO;
				CLANG_ANALYZER_NONNULL = YES;
				CLANG_ANALYZER_NUMBER_OBJECT_CONVERSION = YES_AGGRESSIVE;
				CLANG_CXX_LANGUAGE_STANDARD = "gnu++20";
				CLANG_ENABLE_MODULES = YES;
				CLANG_ENABLE_OBJC_ARC = YES;
				CLANG_ENABLE_OBJC_WEAK = YES;
				CLANG_WARN_BLOCK_CAPTURE_AUTORELEASING = YES;
				CLANG_WARN_BOOL_CONVERSION = YES;
				CLANG_WARN_COMMA = YES;
				CLANG_WARN_CONSTANT_CONVERSION = YES;
				CLANG_WARN_DEPRECATED_OBJC_IMPLEMENTATIONS = YES;
				CLANG_WARN_DIRECT_OBJC_ISA_USAGE = YES_ERROR;
				CLANG_WARN_DOCUMENTATION_COMMENTS = YES;
				CLANG_WARN_EMPTY_BODY = YES;
				CLANG_WARN_ENUM_CONVERSION = YES;
				CLANG_WARN_INFINITE_RECURSION = YES;
				CLANG_WARN_INT_CONVERSION = YES;
				CLANG_WARN_NON_LITERAL_NULL_CONVERSION = YES;
				CLANG_WARN_OBJC_IMPLICIT_RETAIN_SELF = YES;
				CLANG_WARN_OBJC_LITERAL_CONVERSION = YES;
				CLANG_WARN_OBJC_ROOT_CLASS = YES_ERROR;
				CLANG_WARN_QUOTED_INCLUDE_IN_FRAMEWORK_HEADER = YES;
				CLANG_WARN_RANGE_LOOP_ANALYSIS = YES;
				CLANG_WARN_STRICT_PROTOTYPES = YES;
				CLANG_WARN_SUSPICIOUS_MOVE = YES;
				CLANG_WARN_UNGUARDED_AVAILABILITY = YES_AGGRESSIVE;
				CLANG_WARN_UNREACHABLE_CODE = YES;
				CLANG_WARN__DUPLICATE_METHOD_MATCH = YES;
				COPY_PHASE_STRIP = NO;
				DEBUG_INFORMATION_FORMAT = "dwarf-with-dsym";
				ENABLE_NS_ASSERTIONS = NO;
				ENABLE_STRICT_OBJC_MSGSEND = YES;
				ENABLE_USER_SCRIPT_SANDBOXING = YES;
				GCC_C_LANGUAGE_STANDARD = gnu11;
				GCC_NO_COMMON_BLOCKS = YES;
				GCC_WARN_64_TO_32_BIT_CONVERSION = YES;
				GCC_WARN_ABOUT_RETURN_TYPE = YES_ERROR;
				GCC_WARN_UNDECLARED_SELECTOR = YES;
				GCC_WARN_UNINITIALIZED_AUTOS = YES_AGGRESSIVE;
				GCC_WARN_UNUSED_FUNCTION = YES;
				GCC_WARN_UNUSED_VARIABLE = YES;
				IPHONEOS_DEPLOYMENT_TARGET = 17.0;
				MTL_ENABLE_DEBUG_INFO = NO;
				MTL_FAST_MATH = YES;
				SDKROOT = iphoneos;
				SWIFT_COMPILATION_MODE = wholemodule;
				SWIFT_OPTIMIZATION_LEVEL = "-O";
				VALIDATE_PRODUCT = YES;
			};
			name = Release;
		};
		D63C40A42A830E4300131604 /* Debug */ = {
			isa = XCBuildConfiguration;
			buildSettings = {
				ASSETCATALOG_COMPILER_APPICON_NAME = AppIcon;
				ASSETCATALOG_COMPILER_GLOBAL_ACCENT_COLOR_NAME = AccentColor;
				CODE_SIGN_STYLE = Automatic;
				CURRENT_PROJECT_VERSION = 1;
				DEVELOPMENT_ASSET_PATHS = "\"StockScanner/Preview Content\"";
				DEVELOPMENT_TEAM = 36MKSVH8JU;
				ENABLE_PREVIEWS = YES;
				GENERATE_INFOPLIST_FILE = YES;
				INFOPLIST_KEY_UIApplicationSceneManifest_Generation = YES;
				INFOPLIST_KEY_UIApplicationSupportsIndirectInputEvents = YES;
				INFOPLIST_KEY_UILaunchScreen_Generation = YES;
				INFOPLIST_KEY_UISupportedInterfaceOrientations_iPad = "UIInterfaceOrientationPortrait UIInterfaceOrientationPortraitUpsideDown UIInterfaceOrientationLandscapeLeft UIInterfaceOrientationLandscapeRight";
				INFOPLIST_KEY_UISupportedInterfaceOrientations_iPhone = "UIInterfaceOrientationPortrait UIInterfaceOrientationLandscapeLeft UIInterfaceOrientationLandscapeRight";
				LD_RUNPATH_SEARCH_PATHS = (
					"$(inherited)",
					"@executable_path/Frameworks",
				);
				MARKETING_VERSION = 1.0;
				PRODUCT_BUNDLE_IDENTIFIER = com.appworkslabs.StockScanner;
				PRODUCT_NAME = "$(TARGET_NAME)";
				SWIFT_EMIT_LOC_STRINGS = YES;
				SWIFT_VERSION = 5.0;
				TARGETED_DEVICE_FAMILY = "1,2";
			};
			name = Debug;
		};
		D63C40A52A830E4300131604 /* Release */ = {
			isa = XCBuildConfiguration;
			buildSettings = {
				ASSETCATALOG_COMPILER_APPICON_NAME = AppIcon;
				ASSETCATALOG_COMPILER_GLOBAL_ACCENT_COLOR_NAME = AccentColor;
				CODE_SIGN_STYLE = Automatic;
				CURRENT_PROJECT_VERSION = 1;
				DEVELOPMENT_ASSET_PATHS = "\"StockScanner/Preview Content\"";
				DEVELOPMENT_TEAM = 36MKSVH8JU;
				ENABLE_PREVIEWS = YES;
				GENERATE_INFOPLIST_FILE = YES;
				INFOPLIST_KEY_UIApplicationSceneManifest_Generation = YES;
				INFOPLIST_KEY_UIApplicationSupportsIndirectInputEvents = YES;
				INFOPLIST_KEY_UILaunchScreen_Generation = YES;
				INFOPLIST_KEY_UISupportedInterfaceOrientations_iPad = "UIInterfaceOrientationPortrait UIInterfaceOrientationPortraitUpsideDown UIInterfaceOrientationLandscapeLeft UIInterfaceOrientationLandscapeRight";
				INFOPLIST_KEY_UISupportedInterfaceOrientations_iPhone = "UIInterfaceOrientationPortrait UIInterfaceOrientationLandscapeLeft UIInterfaceOrientationLandscapeRight";
				LD_RUNPATH_SEARCH_PATHS = (
					"$(inherited)",
					"@executable_path/Frameworks",
				);
				MARKETING_VERSION = 1.0;
				PRODUCT_BUNDLE_IDENTIFIER = com.appworkslabs.StockScanner;
				PRODUCT_NAME = "$(TARGET_NAME)";
				SWIFT_EMIT_LOC_STRINGS = YES;
				SWIFT_VERSION = 5.0;
				TARGETED_DEVICE_FAMILY = "1,2";
			};
			name = Release;
		};
/* End XCBuildConfiguration section */

/* Begin XCConfigurationList section */
		D63C40902A830E4200131604 /* Build configuration list for PBXProject "StockScanner" */ = {
			isa = XCConfigurationList;
			buildConfigurations = (
				D63C40A12A830E4300131604 /* Debug */,
				D63C40A22A830E4300131604 /* Release */,
			);
			defaultConfigurationIsVisible = 0;
			defaultConfigurationName = Release;
		};
		D63C40A32A830E4300131604 /* Build configuration list for PBXNativeTarget "StockScanner" */ = {
			isa = XCConfigurationList;
			buildConfigurations = (
				D63C40A42A830E4300131604 /* Debug */,
				D63C40A52A830E4300131604 /* Release */,
			);
			defaultConfigurationIsVisible = 0;
			defaultConfigurationName = Release;
		};
/* End XCConfigurationList section */

/* Begin XCRemoteSwiftPackageReference section */
		D603876A2AC8A5B60003C201 /* XCRemoteSwiftPackageReference "firebase-ios-sdk" */ = {
			isa = XCRemoteSwiftPackageReference;
			repositoryURL = "https://github.com/firebase/firebase-ios-sdk";
			requirement = {
				kind = upToNextMajorVersion;
				minimumVersion = 10.15.0;
			};
		};
/* End XCRemoteSwiftPackageReference section */

/* Begin XCSwiftPackageProductDependency section */
		D603876B2AC8A5B60003C201 /* FirebaseAnalytics */ = {
			isa = XCSwiftPackageProductDependency;
			package = D603876A2AC8A5B60003C201 /* XCRemoteSwiftPackageReference "firebase-ios-sdk" */;
			productName = FirebaseAnalytics;
		};
		D603876D2AC8A5B60003C201 /* FirebaseAnalyticsOnDeviceConversion */ = {
			isa = XCSwiftPackageProductDependency;
			package = D603876A2AC8A5B60003C201 /* XCRemoteSwiftPackageReference "firebase-ios-sdk" */;
			productName = FirebaseAnalyticsOnDeviceConversion;
		};
		D603876F2AC8A5B60003C201 /* FirebaseAnalyticsSwift */ = {
			isa = XCSwiftPackageProductDependency;
			package = D603876A2AC8A5B60003C201 /* XCRemoteSwiftPackageReference "firebase-ios-sdk" */;
			productName = FirebaseAnalyticsSwift;
		};
		D60387712AC8A5B60003C201 /* FirebaseAnalyticsWithoutAdIdSupport */ = {
			isa = XCSwiftPackageProductDependency;
			package = D603876A2AC8A5B60003C201 /* XCRemoteSwiftPackageReference "firebase-ios-sdk" */;
			productName = FirebaseAnalyticsWithoutAdIdSupport;
		};
		D60387732AC8A5B60003C201 /* FirebaseAppCheck */ = {
			isa = XCSwiftPackageProductDependency;
			package = D603876A2AC8A5B60003C201 /* XCRemoteSwiftPackageReference "firebase-ios-sdk" */;
			productName = FirebaseAppCheck;
		};
		D60387752AC8A5B60003C201 /* FirebaseAppDistribution-Beta */ = {
			isa = XCSwiftPackageProductDependency;
			package = D603876A2AC8A5B60003C201 /* XCRemoteSwiftPackageReference "firebase-ios-sdk" */;
			productName = "FirebaseAppDistribution-Beta";
		};
		D60387772AC8A5B60003C201 /* FirebaseAuth */ = {
			isa = XCSwiftPackageProductDependency;
			package = D603876A2AC8A5B60003C201 /* XCRemoteSwiftPackageReference "firebase-ios-sdk" */;
			productName = FirebaseAuth;
		};
		D60387792AC8A5B60003C201 /* FirebaseAuthCombine-Community */ = {
			isa = XCSwiftPackageProductDependency;
			package = D603876A2AC8A5B60003C201 /* XCRemoteSwiftPackageReference "firebase-ios-sdk" */;
			productName = "FirebaseAuthCombine-Community";
		};
		D603877B2AC8A5B60003C201 /* FirebaseCrashlytics */ = {
			isa = XCSwiftPackageProductDependency;
			package = D603876A2AC8A5B60003C201 /* XCRemoteSwiftPackageReference "firebase-ios-sdk" */;
			productName = FirebaseCrashlytics;
		};
		D603877D2AC8A5B60003C201 /* FirebaseDatabase */ = {
			isa = XCSwiftPackageProductDependency;
			package = D603876A2AC8A5B60003C201 /* XCRemoteSwiftPackageReference "firebase-ios-sdk" */;
			productName = FirebaseDatabase;
		};
		D603877F2AC8A5B60003C201 /* FirebaseDatabaseSwift */ = {
			isa = XCSwiftPackageProductDependency;
			package = D603876A2AC8A5B60003C201 /* XCRemoteSwiftPackageReference "firebase-ios-sdk" */;
			productName = FirebaseDatabaseSwift;
		};
		D60387812AC8A5B60003C201 /* FirebaseDynamicLinks */ = {
			isa = XCSwiftPackageProductDependency;
			package = D603876A2AC8A5B60003C201 /* XCRemoteSwiftPackageReference "firebase-ios-sdk" */;
			productName = FirebaseDynamicLinks;
		};
		D60387832AC8A5B60003C201 /* FirebaseFirestore */ = {
			isa = XCSwiftPackageProductDependency;
			package = D603876A2AC8A5B60003C201 /* XCRemoteSwiftPackageReference "firebase-ios-sdk" */;
			productName = FirebaseFirestore;
		};
		D60387852AC8A5B60003C201 /* FirebaseFirestoreCombine-Community */ = {
			isa = XCSwiftPackageProductDependency;
			package = D603876A2AC8A5B60003C201 /* XCRemoteSwiftPackageReference "firebase-ios-sdk" */;
			productName = "FirebaseFirestoreCombine-Community";
		};
		D60387872AC8A5B60003C201 /* FirebaseFirestoreSwift */ = {
			isa = XCSwiftPackageProductDependency;
			package = D603876A2AC8A5B60003C201 /* XCRemoteSwiftPackageReference "firebase-ios-sdk" */;
			productName = FirebaseFirestoreSwift;
		};
		D60387892AC8A5B60003C201 /* FirebaseFunctions */ = {
			isa = XCSwiftPackageProductDependency;
			package = D603876A2AC8A5B60003C201 /* XCRemoteSwiftPackageReference "firebase-ios-sdk" */;
			productName = FirebaseFunctions;
		};
		D603878B2AC8A5B60003C201 /* FirebaseFunctionsCombine-Community */ = {
			isa = XCSwiftPackageProductDependency;
			package = D603876A2AC8A5B60003C201 /* XCRemoteSwiftPackageReference "firebase-ios-sdk" */;
			productName = "FirebaseFunctionsCombine-Community";
		};
		D603878D2AC8A5B60003C201 /* FirebaseInAppMessaging-Beta */ = {
			isa = XCSwiftPackageProductDependency;
			package = D603876A2AC8A5B60003C201 /* XCRemoteSwiftPackageReference "firebase-ios-sdk" */;
			productName = "FirebaseInAppMessaging-Beta";
		};
		D603878F2AC8A5B60003C201 /* FirebaseInAppMessagingSwift-Beta */ = {
			isa = XCSwiftPackageProductDependency;
			package = D603876A2AC8A5B60003C201 /* XCRemoteSwiftPackageReference "firebase-ios-sdk" */;
			productName = "FirebaseInAppMessagingSwift-Beta";
		};
		D60387912AC8A5B60003C201 /* FirebaseInstallations */ = {
			isa = XCSwiftPackageProductDependency;
			package = D603876A2AC8A5B60003C201 /* XCRemoteSwiftPackageReference "firebase-ios-sdk" */;
			productName = FirebaseInstallations;
		};
		D60387932AC8A5B60003C201 /* FirebaseMLModelDownloader */ = {
			isa = XCSwiftPackageProductDependency;
			package = D603876A2AC8A5B60003C201 /* XCRemoteSwiftPackageReference "firebase-ios-sdk" */;
			productName = FirebaseMLModelDownloader;
		};
		D60387952AC8A5B60003C201 /* FirebaseMessaging */ = {
			isa = XCSwiftPackageProductDependency;
			package = D603876A2AC8A5B60003C201 /* XCRemoteSwiftPackageReference "firebase-ios-sdk" */;
			productName = FirebaseMessaging;
		};
		D60387972AC8A5B60003C201 /* FirebasePerformance */ = {
			isa = XCSwiftPackageProductDependency;
			package = D603876A2AC8A5B60003C201 /* XCRemoteSwiftPackageReference "firebase-ios-sdk" */;
			productName = FirebasePerformance;
		};
		D60387992AC8A5B60003C201 /* FirebaseRemoteConfig */ = {
			isa = XCSwiftPackageProductDependency;
			package = D603876A2AC8A5B60003C201 /* XCRemoteSwiftPackageReference "firebase-ios-sdk" */;
			productName = FirebaseRemoteConfig;
		};
		D603879B2AC8A5B60003C201 /* FirebaseRemoteConfigSwift */ = {
			isa = XCSwiftPackageProductDependency;
			package = D603876A2AC8A5B60003C201 /* XCRemoteSwiftPackageReference "firebase-ios-sdk" */;
			productName = FirebaseRemoteConfigSwift;
		};
		D603879D2AC8A5B60003C201 /* FirebaseStorage */ = {
			isa = XCSwiftPackageProductDependency;
			package = D603876A2AC8A5B60003C201 /* XCRemoteSwiftPackageReference "firebase-ios-sdk" */;
			productName = FirebaseStorage;
		};
		D603879F2AC8A5B60003C201 /* FirebaseStorageCombine-Community */ = {
			isa = XCSwiftPackageProductDependency;
			package = D603876A2AC8A5B60003C201 /* XCRemoteSwiftPackageReference "firebase-ios-sdk" */;
			productName = "FirebaseStorageCombine-Community";
		};
/* End XCSwiftPackageProductDependency section */
	};
	rootObject = D63C408D2A830E4200131604 /* Project object */;
}
